
Microsoft Visual Studio Solution File, Format Version 11.00
# Visual C# Express 2010
Project("{FAE04EC0-301F-11D3-BF4B-00C04F79EFBC}") = "Audio_Spectrum_Analyzer", "Audio_Spectrum_Analyzer\Audio_Spectrum_Analyzer.csproj", "{8D26D0BA-042A-4FF9-925B-103C62380D67}"
EndProject
Global
	GlobalSection(SolutionConfigurationPlatforms) = preSolution
		Debug|x86 = Debug|x86
		Release|x86 = Release|x86
	EndGlobalSection
	GlobalSection(ProjectConfigurationPlatforms) = postSolution
		{8D26D0BA-042A-4FF9-925B-103C62380D67}.Debug|x86.ActiveCfg = Debug|x86
		{8D26D0BA-042A-4FF9-925B-103C62380D67}.Debug|x86.Build.0 = Debug|x86
		{8D26D0BA-042A-4FF9-925B-103C62380D67}.Release|x86.ActiveCfg = Release|x86
		{8D26D0BA-042A-4FF9-925B-103C62380D67}.Release|x86.Build.0 = Release|x86
	EndGlobalSection
	GlobalSection(SolutionProperties) = preSolution
		HideSolutionNode = FALSE
	EndGlobalSection
EndGlobal
